
Microsoft Visual Studio Solution File, Format Version 12.00
# Visual Studio Version 16
VisualStudioVersion = 16.0.31313.79
MinimumVisualStudioVersion = 10.0.40219.1
Project("{FAE04EC0-301F-11D3-BF4B-00C04F79EFBC}") = "gRpcDemo", "gRpcDemo.csproj", "{55197A4E-882D-4D2B-931D-0347D3DDF515}"
EndProject
Global
	GlobalSection(SolutionConfigurationPlatforms) = preSolution
		Debug|Any CPU = Debug|Any CPU
		Release|Any CPU = Release|Any CPU
	EndGlobalSection
	GlobalSection(ProjectConfigurationPlatforms) = postSolution
		{55197A4E-882D-4D2B-931D-0347D3DDF515}.Debug|Any CPU.ActiveCfg = Debug|Any CPU
		{55197A4E-882D-4D2B-931D-0347D3DDF515}.Debug|Any CPU.Build.0 = Debug|Any CPU
		{55197A4E-882D-4D2B-931D-0347D3DDF515}.Release|Any CPU.ActiveCfg = Release|Any CPU
		{55197A4E-882D-4D2B-931D-0347D3DDF515}.Release|Any CPU.Build.0 = Release|Any CPU
	EndGlobalSection
	GlobalSection(SolutionProperties) = preSolution
		HideSolutionNode = FALSE
	EndGlobalSection
	GlobalSection(ExtensibilityGlobals) = postSolution
		SolutionGuid = {8B738A09-8C97-4F12-A3CE-AB253EE1B81F}
	EndGlobalSection
EndGlobal
